
Microsoft Visual Studio Solution File, Format Version 12.00
# Visual Studio 14
VisualStudioVersion = 14.0.25420.1
MinimumVisualStudioVersion = 10.0.40219.1
Project("{FAE04EC0-301F-11D3-BF4B-00C04F79EFBC}") = "camp", "camp\camp.csproj", "{386D1E66-989E-4BC3-9091-B89F63541654}"
EndProject
Project("{FAE04EC0-301F-11D3-BF4B-00C04F79EFBC}") = "DAL", "DAL\DAL.csproj", "{C2245A78-211D-4F48-9AAF-D3D499E417FF}"
EndProject
Project("{FAE04EC0-301F-11D3-BF4B-00C04F79EFBC}") = "ServiceLayer", "ServiceLayer\ServiceLayer.csproj", "{DF286BB9-256E-43D1-860A-BCEF3E7E4110}"
EndProject
Project("{FAE04EC0-301F-11D3-BF4B-00C04F79EFBC}") = "BLL", "BLL\BLL.csproj", "{97CB4300-4F26-4E6E-A471-E339D167A50A}"
EndProject
Project("{FAE04EC0-301F-11D3-BF4B-00C04F79EFBC}") = "API", "StudentAPI\API.csproj", "{90CB097C-2EA8-4B1F-9544-1E72BEC39821}"
EndProject
Project("{FAE04EC0-301F-11D3-BF4B-00C04F79EFBC}") = "APIBLL", "APIBLL\APIBLL.csproj", "{4C781E77-F2E3-4F70-9124-45019D2C511E}"
EndProject
Project("{FAE04EC0-301F-11D3-BF4B-00C04F79EFBC}") = "DesktopUserApplication", "DesktopUserApplication\DesktopUserApplication.csproj", "{FFC12790-4B2B-41B3-9BB5-FC367284C779}"
EndProject
Global
	GlobalSection(SolutionConfigurationPlatforms) = preSolution
		Debug|Any CPU = Debug|Any CPU
		Release|Any CPU = Release|Any CPU
	EndGlobalSection
	GlobalSection(ProjectConfigurationPlatforms) = postSolution
		{386D1E66-989E-4BC3-9091-B89F63541654}.Debug|Any CPU.ActiveCfg = Debug|Any CPU
		{386D1E66-989E-4BC3-9091-B89F63541654}.Debug|Any CPU.Build.0 = Debug|Any CPU
		{386D1E66-989E-4BC3-9091-B89F63541654}.Release|Any CPU.ActiveCfg = Release|Any CPU
		{386D1E66-989E-4BC3-9091-B89F63541654}.Release|Any CPU.Build.0 = Release|Any CPU
		{C2245A78-211D-4F48-9AAF-D3D499E417FF}.Debug|Any CPU.ActiveCfg = Debug|Any CPU
		{C2245A78-211D-4F48-9AAF-D3D499E417FF}.Debug|Any CPU.Build.0 = Debug|Any CPU
		{C2245A78-211D-4F48-9AAF-D3D499E417FF}.Release|Any CPU.ActiveCfg = Release|Any CPU
		{C2245A78-211D-4F48-9AAF-D3D499E417FF}.Release|Any CPU.Build.0 = Release|Any CPU
		{DF286BB9-256E-43D1-860A-BCEF3E7E4110}.Debug|Any CPU.ActiveCfg = Debug|Any CPU
		{DF286BB9-256E-43D1-860A-BCEF3E7E4110}.Debug|Any CPU.Build.0 = Debug|Any CPU
		{DF286BB9-256E-43D1-860A-BCEF3E7E4110}.Release|Any CPU.ActiveCfg = Release|Any CPU
		{DF286BB9-256E-43D1-860A-BCEF3E7E4110}.Release|Any CPU.Build.0 = Release|Any CPU
		{97CB4300-4F26-4E6E-A471-E339D167A50A}.Debug|Any CPU.ActiveCfg = Debug|Any CPU
		{97CB4300-4F26-4E6E-A471-E339D167A50A}.Debug|Any CPU.Build.0 = Debug|Any CPU
		{97CB4300-4F26-4E6E-A471-E339D167A50A}.Release|Any CPU.ActiveCfg = Release|Any CPU
		{97CB4300-4F26-4E6E-A471-E339D167A50A}.Release|Any CPU.Build.0 = Release|Any CPU
		{90CB097C-2EA8-4B1F-9544-1E72BEC39821}.Debug|Any CPU.ActiveCfg = Debug|Any CPU
		{90CB097C-2EA8-4B1F-9544-1E72BEC39821}.Debug|Any CPU.Build.0 = Debug|Any CPU
		{90CB097C-2EA8-4B1F-9544-1E72BEC39821}.Release|Any CPU.ActiveCfg = Release|Any CPU
		{90CB097C-2EA8-4B1F-9544-1E72BEC39821}.Release|Any CPU.Build.0 = Release|Any CPU
		{4C781E77-F2E3-4F70-9124-45019D2C511E}.Debug|Any CPU.ActiveCfg = Debug|Any CPU
		{4C781E77-F2E3-4F70-9124-45019D2C511E}.Debug|Any CPU.Build.0 = Debug|Any CPU
		{4C781E77-F2E3-4F70-9124-45019D2C511E}.Release|Any CPU.ActiveCfg = Release|Any CPU
		{4C781E77-F2E3-4F70-9124-45019D2C511E}.Release|Any CPU.Build.0 = Release|Any CPU
		{FFC12790-4B2B-41B3-9BB5-FC367284C779}.Debug|Any CPU.ActiveCfg = Debug|Any CPU
		{FFC12790-4B2B-41B3-9BB5-FC367284C779}.Debug|Any CPU.Build.0 = Debug|Any CPU
		{FFC12790-4B2B-41B3-9BB5-FC367284C779}.Release|Any CPU.ActiveCfg = Release|Any CPU
		{FFC12790-4B2B-41B3-9BB5-FC367284C779}.Release|Any CPU.Build.0 = Release|Any CPU
	EndGlobalSection
	GlobalSection(SolutionProperties) = preSolution
		HideSolutionNode = FALSE
	EndGlobalSection
EndGlobal
